
Microsoft Visual Studio Solution File, Format Version 12.00
# Visual Studio Version 16
VisualStudioVersion = 16.0.30517.126
MinimumVisualStudioVersion = 10.0.40219.1
Project("{FAE04EC0-301F-11D3-BF4B-00C04F79EFBC}") = "TjuvochPolis", "TjuvochPolis\TjuvochPolis.csproj", "{4E04C901-9007-4230-A9F3-896C59879BE4}"
EndProject
Global
	GlobalSection(SolutionConfigurationPlatforms) = preSolution
		Debug|Any CPU = Debug|Any CPU
		Release|Any CPU = Release|Any CPU
	EndGlobalSection
	GlobalSection(ProjectConfigurationPlatforms) = postSolution
		{4E04C901-9007-4230-A9F3-896C59879BE4}.Debug|Any CPU.ActiveCfg = Debug|Any CPU
		{4E04C901-9007-4230-A9F3-896C59879BE4}.Debug|Any CPU.Build.0 = Debug|Any CPU
		{4E04C901-9007-4230-A9F3-896C59879BE4}.Release|Any CPU.ActiveCfg = Release|Any CPU
		{4E04C901-9007-4230-A9F3-896C59879BE4}.Release|Any CPU.Build.0 = Release|Any CPU
	EndGlobalSection
	GlobalSection(SolutionProperties) = preSolution
		HideSolutionNode = FALSE
	EndGlobalSection
	GlobalSection(ExtensibilityGlobals) = postSolution
		SolutionGuid = {8BB40872-6DE8-4D67-BA91-683AC23A2545}
	EndGlobalSection
EndGlobal
